// !$*UTF8*$!
{
	archiveVersion = 1;
	classes = {
	};
	objectVersion = 56;
	objects = {

/* Begin PBXBuildFile section */
		28A30C802DE49D1800AF0C54 /* ResetPasswordViewController.swift in Sources */ = {isa = PBXBuildFile; fileRef = 28A30C7F2DE49D1800AF0C54 /* ResetPasswordViewController.swift */; };
		28A30C822DE49D2A00AF0C54 /* ResetPasswordView.swift in Sources */ = {isa = PBXBuildFile; fileRef = 28A30C812DE49D2A00AF0C54 /* ResetPasswordView.swift */; };
		28A30C842DE49D3000AF0C54 /* ResetPasswordViewModel.swift in Sources */ = {isa = PBXBuildFile; fileRef = 28A30C832DE49D3000AF0C54 /* ResetPasswordViewModel.swift */; };
		28A30C862DE4ABA600AF0C54 /* UserInSignary.swift in Sources */ = {isa = PBXBuildFile; fileRef = 28A30C852DE4ABA600AF0C54 /* UserInSignary.swift */; };
		28A30C882DE4BFD200AF0C54 /* UserService.swift in Sources */ = {isa = PBXBuildFile; fileRef = 28A30C872DE4BFD200AF0C54 /* UserService.swift */; };
		28CF1AE02DE08EF2008EFC35 /* UserLoginRequest.swift in Sources */ = {isa = PBXBuildFile; fileRef = 28CF1ADF2DE08EF2008EFC35 /* UserLoginRequest.swift */; };
		28CF1AE22DE09D58008EFC35 /* Validator.swift in Sources */ = {isa = PBXBuildFile; fileRef = 28CF1AE12DE09D58008EFC35 /* Validator.swift */; };
		28D3C1FB2DDF6C7800616A44 /* GoogleService-Info.plist in Resources */ = {isa = PBXBuildFile; fileRef = 28D3C1FA2DDF6C7800616A44 /* GoogleService-Info.plist */; };
		28D3C1FE2DDF6DB300616A44 /* FirebaseAuth in Frameworks */ = {isa = PBXBuildFile; productRef = 28D3C1FD2DDF6DB300616A44 /* FirebaseAuth */; };
		28D3C2002DDF6DB300616A44 /* FirebaseDatabase in Frameworks */ = {isa = PBXBuildFile; productRef = 28D3C1FF2DDF6DB300616A44 /* FirebaseDatabase */; };
		28D3C2022DDF6DB300616A44 /* FirebaseFirestore in Frameworks */ = {isa = PBXBuildFile; productRef = 28D3C2012DDF6DB300616A44 /* FirebaseFirestore */; };
		28D3C2042DDF6DB300616A44 /* FirebaseStorage in Frameworks */ = {isa = PBXBuildFile; productRef = 28D3C2032DDF6DB300616A44 /* FirebaseStorage */; };
		28D3C2072DDF955B00616A44 /* UserRegisterRequest.swift in Sources */ = {isa = PBXBuildFile; fileRef = 28D3C2062DDF955B00616A44 /* UserRegisterRequest.swift */; };
		28E2A7062DDDFC2400D17E84 /* MainViewController.swift in Sources */ = {isa = PBXBuildFile; fileRef = 28E2A7052DDDFC2400D17E84 /* MainViewController.swift */; };
		28E2A70A2DDDFC5000D17E84 /* MainView.swift in Sources */ = {isa = PBXBuildFile; fileRef = 28E2A7092DDDFC5000D17E84 /* MainView.swift */; };
		28E2A70C2DDDFC5C00D17E84 /* MainViewModel.swift in Sources */ = {isa = PBXBuildFile; fileRef = 28E2A70B2DDDFC5C00D17E84 /* MainViewModel.swift */; };
		28E2A7162DDDFC9A00D17E84 /* ProfileView.swift in Sources */ = {isa = PBXBuildFile; fileRef = 28E2A7152DDDFC9A00D17E84 /* ProfileView.swift */; };
		28E2A7182DDDFD0000D17E84 /* ProfileViewController.swift in Sources */ = {isa = PBXBuildFile; fileRef = 28E2A7172DDDFD0000D17E84 /* ProfileViewController.swift */; };
		28E2A71A2DDDFD0A00D17E84 /* ProfileViewModel.swift in Sources */ = {isa = PBXBuildFile; fileRef = 28E2A7192DDDFD0A00D17E84 /* ProfileViewModel.swift */; };
		28E2A71C2DDDFDFE00D17E84 /* StartViewController.swift in Sources */ = {isa = PBXBuildFile; fileRef = 28E2A71B2DDDFDFE00D17E84 /* StartViewController.swift */; };
		28E2A71E2DDDFE0C00D17E84 /* StartView.swift in Sources */ = {isa = PBXBuildFile; fileRef = 28E2A71D2DDDFE0C00D17E84 /* StartView.swift */; };
		28E2A7202DDDFE1700D17E84 /* StartViewModel.swift in Sources */ = {isa = PBXBuildFile; fileRef = 28E2A71F2DDDFE1700D17E84 /* StartViewModel.swift */; };
		28E2A7222DDDFE2B00D17E84 /* SignInViewController.swift in Sources */ = {isa = PBXBuildFile; fileRef = 28E2A7212DDDFE2B00D17E84 /* SignInViewController.swift */; };
		28E2A7242DDDFE3700D17E84 /* SignInView.swift in Sources */ = {isa = PBXBuildFile; fileRef = 28E2A7232DDDFE3700D17E84 /* SignInView.swift */; };
		28E2A7262DDDFE4000D17E84 /* SignInViewModel.swift in Sources */ = {isa = PBXBuildFile; fileRef = 28E2A7252DDDFE4000D17E84 /* SignInViewModel.swift */; };
		28E2A7282DDDFE5600D17E84 /* SignUpViewController.swift in Sources */ = {isa = PBXBuildFile; fileRef = 28E2A7272DDDFE5600D17E84 /* SignUpViewController.swift */; };
		28E2A72A2DDDFE6300D17E84 /* SignUpView.swift in Sources */ = {isa = PBXBuildFile; fileRef = 28E2A7292DDDFE6300D17E84 /* SignUpView.swift */; };
		28E2A72C2DDDFE6E00D17E84 /* SignUpViewModel.swift in Sources */ = {isa = PBXBuildFile; fileRef = 28E2A72B2DDDFE6E00D17E84 /* SignUpViewModel.swift */; };
		28E2A72F2DDDFEFA00D17E84 /* +UIColor.swift in Sources */ = {isa = PBXBuildFile; fileRef = 28E2A72E2DDDFEFA00D17E84 /* +UIColor.swift */; };
		28E2A7322DDDFF5100D17E84 /* +URLSession.swift in Sources */ = {isa = PBXBuildFile; fileRef = 28E2A7312DDDFF5100D17E84 /* +URLSession.swift */; };
		28E2A7352DDE019F00D17E84 /* MainTabBarController.swift in Sources */ = {isa = PBXBuildFile; fileRef = 28E2A7342DDE019F00D17E84 /* MainTabBarController.swift */; };
		28E2A7372DDE159100D17E84 /* +UIFont.swift in Sources */ = {isa = PBXBuildFile; fileRef = 28E2A7362DDE159100D17E84 /* +UIFont.swift */; };
		28E2A7392DDE48EC00D17E84 /* AuthService.swift in Sources */ = {isa = PBXBuildFile; fileRef = 28E2A7382DDE48EC00D17E84 /* AuthService.swift */; };
		28E94A022DE5D6A800B37CD6 /* AlphabetView.swift in Sources */ = {isa = PBXBuildFile; fileRef = 28E94A012DE5D6A800B37CD6 /* AlphabetView.swift */; };
		28E94A042DE5D6B400B37CD6 /* AlphabetViewController.swift in Sources */ = {isa = PBXBuildFile; fileRef = 28E94A032DE5D6B400B37CD6 /* AlphabetViewController.swift */; };
		28E94A062DE5D6C700B37CD6 /* AlphabetViewModel.swift in Sources */ = {isa = PBXBuildFile; fileRef = 28E94A052DE5D6C700B37CD6 /* AlphabetViewModel.swift */; };
		28E94A0B2DE5D6F100B37CD6 /* TranslatorViewController.swift in Sources */ = {isa = PBXBuildFile; fileRef = 28E94A0A2DE5D6F100B37CD6 /* TranslatorViewController.swift */; };
		28E94A0D2DE5D6FF00B37CD6 /* TranslatorView.swift in Sources */ = {isa = PBXBuildFile; fileRef = 28E94A0C2DE5D6FF00B37CD6 /* TranslatorView.swift */; };
		28E94A0F2DE5D70900B37CD6 /* TranslatorViewModel.swift in Sources */ = {isa = PBXBuildFile; fileRef = 28E94A0E2DE5D70900B37CD6 /* TranslatorViewModel.swift */; };
		28E94A142DE5DC5100B37CD6 /* CameraView.swift in Sources */ = {isa = PBXBuildFile; fileRef = 28E94A132DE5DC5100B37CD6 /* CameraView.swift */; };
		28E94A162DE5DC5D00B37CD6 /* CameraViewController.swift in Sources */ = {isa = PBXBuildFile; fileRef = 28E94A152DE5DC5D00B37CD6 /* CameraViewController.swift */; };
		28E94A182DE5DC6700B37CD6 /* CameraViewModel.swift in Sources */ = {isa = PBXBuildFile; fileRef = 28E94A172DE5DC6700B37CD6 /* CameraViewModel.swift */; };
		28E94A1A2DE5E36C00B37CD6 /* NetworkService.swift in Sources */ = {isa = PBXBuildFile; fileRef = 28E94A192DE5E36C00B37CD6 /* NetworkService.swift */; };
		28E94A1D2DE5E42300B37CD6 /* EndPoint.swift in Sources */ = {isa = PBXBuildFile; fileRef = 28E94A1C2DE5E42300B37CD6 /* EndPoint.swift */; };
		28E94A212DE5E4AF00B37CD6 /* NetworkRequest.swift in Sources */ = {isa = PBXBuildFile; fileRef = 28E94A202DE5E4AF00B37CD6 /* NetworkRequest.swift */; };
		28E94A232DE5E4D900B37CD6 /* NetworkServiceProtocol.swift in Sources */ = {isa = PBXBuildFile; fileRef = 28E94A222DE5E4D900B37CD6 /* NetworkServiceProtocol.swift */; };
		28F47AAF2DB2A882007B6862 /* AppDelegate.swift in Sources */ = {isa = PBXBuildFile; fileRef = 28F47AAE2DB2A882007B6862 /* AppDelegate.swift */; };
		28F47AB12DB2A882007B6862 /* SceneDelegate.swift in Sources */ = {isa = PBXBuildFile; fileRef = 28F47AB02DB2A882007B6862 /* SceneDelegate.swift */; };
		28F47AB82DB2A884007B6862 /* Assets.xcassets in Resources */ = {isa = PBXBuildFile; fileRef = 28F47AB72DB2A884007B6862 /* Assets.xcassets */; };
		28F47ABB2DB2A884007B6862 /* Base in Resources */ = {isa = PBXBuildFile; fileRef = 28F47ABA2DB2A884007B6862 /* Base */; };
		28F76C1D2DEDDEA800C12EB3 /* HandClassifier.mlmodel in Sources */ = {isa = PBXBuildFile; fileRef = 28F76C1C2DEDDEA800C12EB3 /* HandClassifier.mlmodel */; };
		28F76C252DEF36B200C12EB3 /* RemoteCommand.swift in Sources */ = {isa = PBXBuildFile; fileRef = 28F76C242DEF36B200C12EB3 /* RemoteCommand.swift */; };
		28F76C2A2DEF441800C12EB3 /* VocabularyGamingViewController.swift in Sources */ = {isa = PBXBuildFile; fileRef = 28F76C292DEF441800C12EB3 /* VocabularyGamingViewController.swift */; };
		28F76C2C2DEF442400C12EB3 /* VocabularyGamingView.swift in Sources */ = {isa = PBXBuildFile; fileRef = 28F76C2B2DEF442400C12EB3 /* VocabularyGamingView.swift */; };
		28F76C2E2DEF442C00C12EB3 /* VocabularyGamingViewModel.swift in Sources */ = {isa = PBXBuildFile; fileRef = 28F76C2D2DEF442C00C12EB3 /* VocabularyGamingViewModel.swift */; };
		28F76C332DEF63B400C12EB3 /* LearntWordsView.swift in Sources */ = {isa = PBXBuildFile; fileRef = 28F76C322DEF63B400C12EB3 /* LearntWordsView.swift */; };
		28F76C352DEF63C300C12EB3 /* LearntWordsViewController.swift in Sources */ = {isa = PBXBuildFile; fileRef = 28F76C342DEF63C300C12EB3 /* LearntWordsViewController.swift */; };
		28F76C372DEF63CE00C12EB3 /* LearntWordsViewModel.swift in Sources */ = {isa = PBXBuildFile; fileRef = 28F76C362DEF63CE00C12EB3 /* LearntWordsViewModel.swift */; };
		28F76C392DEF65E400C12EB3 /* LearntWordsTableViewCell.swift in Sources */ = {isa = PBXBuildFile; fileRef = 28F76C382DEF65E400C12EB3 /* LearntWordsTableViewCell.swift */; };
		28F76C3B2DEF821200C12EB3 /* Word.swift in Sources */ = {isa = PBXBuildFile; fileRef = 28F76C3A2DEF821200C12EB3 /* Word.swift */; };
		28F76C3D2DF0A63100C12EB3 /* WordListService.swift in Sources */ = {isa = PBXBuildFile; fileRef = 28F76C3C2DF0A63100C12EB3 /* WordListService.swift */; };
		28F76C422DF0AD5B00C12EB3 /* LearntWordsDetailView.swift in Sources */ = {isa = PBXBuildFile; fileRef = 28F76C412DF0AD5B00C12EB3 /* LearntWordsDetailView.swift */; };
		28F76C442DF0AD6900C12EB3 /* LearntWordsDetailViewController.swift in Sources */ = {isa = PBXBuildFile; fileRef = 28F76C432DF0AD6900C12EB3 /* LearntWordsDetailViewController.swift */; };
		28F76C462DF0AD7300C12EB3 /* LearntWordsDetailViewModel.swift in Sources */ = {isa = PBXBuildFile; fileRef = 28F76C452DF0AD7300C12EB3 /* LearntWordsDetailViewModel.swift */; };
		28F76C482DF0C09800C12EB3 /* PushNotificationManager.swift in Sources */ = {isa = PBXBuildFile; fileRef = 28F76C472DF0C09800C12EB3 /* PushNotificationManager.swift */; };
/* End PBXBuildFile section */

/* Begin PBXFileReference section */
		28A30C7F2DE49D1800AF0C54 /* ResetPasswordViewController.swift */ = {isa = PBXFileReference; lastKnownFileType = sourcecode.swift; path = ResetPasswordViewController.swift; sourceTree = "<group>"; };
		28A30C812DE49D2A00AF0C54 /* ResetPasswordView.swift */ = {isa = PBXFileReference; lastKnownFileType = sourcecode.swift; path = ResetPasswordView.swift; sourceTree = "<group>"; };
		28A30C832DE49D3000AF0C54 /* ResetPasswordViewModel.swift */ = {isa = PBXFileReference; lastKnownFileType = sourcecode.swift; path = ResetPasswordViewModel.swift; sourceTree = "<group>"; };
		28A30C852DE4ABA600AF0C54 /* UserInSignary.swift */ = {isa = PBXFileReference; lastKnownFileType = sourcecode.swift; path = UserInSignary.swift; sourceTree = "<group>"; };
		28A30C872DE4BFD200AF0C54 /* UserService.swift */ = {isa = PBXFileReference; lastKnownFileType = sourcecode.swift; path = UserService.swift; sourceTree = "<group>"; };
		28CF1ADF2DE08EF2008EFC35 /* UserLoginRequest.swift */ = {isa = PBXFileReference; lastKnownFileType = sourcecode.swift; path = UserLoginRequest.swift; sourceTree = "<group>"; };
		28CF1AE12DE09D58008EFC35 /* Validator.swift */ = {isa = PBXFileReference; lastKnownFileType = sourcecode.swift; path = Validator.swift; sourceTree = "<group>"; };
		28D3C1FA2DDF6C7800616A44 /* GoogleService-Info.plist */ = {isa = PBXFileReference; fileEncoding = 4; lastKnownFileType = text.plist.xml; path = "GoogleService-Info.plist"; sourceTree = "<group>"; };
		28D3C2062DDF955B00616A44 /* UserRegisterRequest.swift */ = {isa = PBXFileReference; lastKnownFileType = sourcecode.swift; path = UserRegisterRequest.swift; sourceTree = "<group>"; };
		28E2A7052DDDFC2400D17E84 /* MainViewController.swift */ = {isa = PBXFileReference; lastKnownFileType = sourcecode.swift; path = MainViewController.swift; sourceTree = "<group>"; };
		28E2A7092DDDFC5000D17E84 /* MainView.swift */ = {isa = PBXFileReference; lastKnownFileType = sourcecode.swift; path = MainView.swift; sourceTree = "<group>"; };
		28E2A70B2DDDFC5C00D17E84 /* MainViewModel.swift */ = {isa = PBXFileReference; lastKnownFileType = sourcecode.swift; path = MainViewModel.swift; sourceTree = "<group>"; };
		28E2A7152DDDFC9A00D17E84 /* ProfileView.swift */ = {isa = PBXFileReference; lastKnownFileType = sourcecode.swift; path = ProfileView.swift; sourceTree = "<group>"; };
		28E2A7172DDDFD0000D17E84 /* ProfileViewController.swift */ = {isa = PBXFileReference; lastKnownFileType = sourcecode.swift; path = ProfileViewController.swift; sourceTree = "<group>"; };
		28E2A7192DDDFD0A00D17E84 /* ProfileViewModel.swift */ = {isa = PBXFileReference; lastKnownFileType = sourcecode.swift; path = ProfileViewModel.swift; sourceTree = "<group>"; };
		28E2A71B2DDDFDFE00D17E84 /* StartViewController.swift */ = {isa = PBXFileReference; lastKnownFileType = sourcecode.swift; path = StartViewController.swift; sourceTree = "<group>"; };
		28E2A71D2DDDFE0C00D17E84 /* StartView.swift */ = {isa = PBXFileReference; lastKnownFileType = sourcecode.swift; path = StartView.swift; sourceTree = "<group>"; };
		28E2A71F2DDDFE1700D17E84 /* StartViewModel.swift */ = {isa = PBXFileReference; lastKnownFileType = sourcecode.swift; path = StartViewModel.swift; sourceTree = "<group>"; };
		28E2A7212DDDFE2B00D17E84 /* SignInViewController.swift */ = {isa = PBXFileReference; lastKnownFileType = sourcecode.swift; path = SignInViewController.swift; sourceTree = "<group>"; };
		28E2A7232DDDFE3700D17E84 /* SignInView.swift */ = {isa = PBXFileReference; lastKnownFileType = sourcecode.swift; path = SignInView.swift; sourceTree = "<group>"; };
		28E2A7252DDDFE4000D17E84 /* SignInViewModel.swift */ = {isa = PBXFileReference; lastKnownFileType = sourcecode.swift; path = SignInViewModel.swift; sourceTree = "<group>"; };
		28E2A7272DDDFE5600D17E84 /* SignUpViewController.swift */ = {isa = PBXFileReference; lastKnownFileType = sourcecode.swift; path = SignUpViewController.swift; sourceTree = "<group>"; };
		28E2A7292DDDFE6300D17E84 /* SignUpView.swift */ = {isa = PBXFileReference; lastKnownFileType = sourcecode.swift; path = SignUpView.swift; sourceTree = "<group>"; };
		28E2A72B2DDDFE6E00D17E84 /* SignUpViewModel.swift */ = {isa = PBXFileReference; lastKnownFileType = sourcecode.swift; path = SignUpViewModel.swift; sourceTree = "<group>"; };
		28E2A72E2DDDFEFA00D17E84 /* +UIColor.swift */ = {isa = PBXFileReference; lastKnownFileType = sourcecode.swift; path = "+UIColor.swift"; sourceTree = "<group>"; };
		28E2A7312DDDFF5100D17E84 /* +URLSession.swift */ = {isa = PBXFileReference; lastKnownFileType = sourcecode.swift; path = "+URLSession.swift"; sourceTree = "<group>"; };
		28E2A7342DDE019F00D17E84 /* MainTabBarController.swift */ = {isa = PBXFileReference; lastKnownFileType = sourcecode.swift; path = MainTabBarController.swift; sourceTree = "<group>"; };
		28E2A7362DDE159100D17E84 /* +UIFont.swift */ = {isa = PBXFileReference; lastKnownFileType = sourcecode.swift; path = "+UIFont.swift"; sourceTree = "<group>"; };
		28E2A7382DDE48EC00D17E84 /* AuthService.swift */ = {isa = PBXFileReference; lastKnownFileType = sourcecode.swift; path = AuthService.swift; sourceTree = "<group>"; };
		28E94A012DE5D6A800B37CD6 /* AlphabetView.swift */ = {isa = PBXFileReference; lastKnownFileType = sourcecode.swift; path = AlphabetView.swift; sourceTree = "<group>"; };
		28E94A032DE5D6B400B37CD6 /* AlphabetViewController.swift */ = {isa = PBXFileReference; lastKnownFileType = sourcecode.swift; path = AlphabetViewController.swift; sourceTree = "<group>"; };
		28E94A052DE5D6C700B37CD6 /* AlphabetViewModel.swift */ = {isa = PBXFileReference; lastKnownFileType = sourcecode.swift; path = AlphabetViewModel.swift; sourceTree = "<group>"; };
		28E94A0A2DE5D6F100B37CD6 /* TranslatorViewController.swift */ = {isa = PBXFileReference; lastKnownFileType = sourcecode.swift; path = TranslatorViewController.swift; sourceTree = "<group>"; };
		28E94A0C2DE5D6FF00B37CD6 /* TranslatorView.swift */ = {isa = PBXFileReference; lastKnownFileType = sourcecode.swift; path = TranslatorView.swift; sourceTree = "<group>"; };
		28E94A0E2DE5D70900B37CD6 /* TranslatorViewModel.swift */ = {isa = PBXFileReference; lastKnownFileType = sourcecode.swift; path = TranslatorViewModel.swift; sourceTree = "<group>"; };
		28E94A132DE5DC5100B37CD6 /* CameraView.swift */ = {isa = PBXFileReference; lastKnownFileType = sourcecode.swift; path = CameraView.swift; sourceTree = "<group>"; };
		28E94A152DE5DC5D00B37CD6 /* CameraViewController.swift */ = {isa = PBXFileReference; lastKnownFileType = sourcecode.swift; path = CameraViewController.swift; sourceTree = "<group>"; };
		28E94A172DE5DC6700B37CD6 /* CameraViewModel.swift */ = {isa = PBXFileReference; lastKnownFileType = sourcecode.swift; path = CameraViewModel.swift; sourceTree = "<group>"; };
		28E94A192DE5E36C00B37CD6 /* NetworkService.swift */ = {isa = PBXFileReference; lastKnownFileType = sourcecode.swift; path = NetworkService.swift; sourceTree = "<group>"; };
		28E94A1C2DE5E42300B37CD6 /* EndPoint.swift */ = {isa = PBXFileReference; lastKnownFileType = sourcecode.swift; path = EndPoint.swift; sourceTree = "<group>"; };
		28E94A202DE5E4AF00B37CD6 /* NetworkRequest.swift */ = {isa = PBXFileReference; lastKnownFileType = sourcecode.swift; path = NetworkRequest.swift; sourceTree = "<group>"; };
		28E94A222DE5E4D900B37CD6 /* NetworkServiceProtocol.swift */ = {isa = PBXFileReference; lastKnownFileType = sourcecode.swift; path = NetworkServiceProtocol.swift; sourceTree = "<group>"; };
		28F47AAB2DB2A882007B6862 /* Signary.app */ = {isa = PBXFileReference; explicitFileType = wrapper.application; includeInIndex = 0; path = Signary.app; sourceTree = BUILT_PRODUCTS_DIR; };
		28F47AAE2DB2A882007B6862 /* AppDelegate.swift */ = {isa = PBXFileReference; lastKnownFileType = sourcecode.swift; path = AppDelegate.swift; sourceTree = "<group>"; };
		28F47AB02DB2A882007B6862 /* SceneDelegate.swift */ = {isa = PBXFileReference; lastKnownFileType = sourcecode.swift; path = SceneDelegate.swift; sourceTree = "<group>"; };
		28F47AB72DB2A884007B6862 /* Assets.xcassets */ = {isa = PBXFileReference; lastKnownFileType = folder.assetcatalog; path = Assets.xcassets; sourceTree = "<group>"; };
		28F47ABA2DB2A884007B6862 /* Base */ = {isa = PBXFileReference; lastKnownFileType = file.storyboard; name = Base; path = Base.lproj/LaunchScreen.storyboard; sourceTree = "<group>"; };
		28F47ABC2DB2A884007B6862 /* Info.plist */ = {isa = PBXFileReference; lastKnownFileType = text.plist.xml; path = Info.plist; sourceTree = "<group>"; };
		28F76C1C2DEDDEA800C12EB3 /* HandClassifier.mlmodel */ = {isa = PBXFileReference; lastKnownFileType = file.mlmodel; path = HandClassifier.mlmodel; sourceTree = "<group>"; };
		28F76C242DEF36B200C12EB3 /* RemoteCommand.swift */ = {isa = PBXFileReference; lastKnownFileType = sourcecode.swift; path = RemoteCommand.swift; sourceTree = "<group>"; };
		28F76C292DEF441800C12EB3 /* VocabularyGamingViewController.swift */ = {isa = PBXFileReference; lastKnownFileType = sourcecode.swift; path = VocabularyGamingViewController.swift; sourceTree = "<group>"; };
		28F76C2B2DEF442400C12EB3 /* VocabularyGamingView.swift */ = {isa = PBXFileReference; lastKnownFileType = sourcecode.swift; path = VocabularyGamingView.swift; sourceTree = "<group>"; };
		28F76C2D2DEF442C00C12EB3 /* VocabularyGamingViewModel.swift */ = {isa = PBXFileReference; lastKnownFileType = sourcecode.swift; path = VocabularyGamingViewModel.swift; sourceTree = "<group>"; };
		28F76C322DEF63B400C12EB3 /* LearntWordsView.swift */ = {isa = PBXFileReference; lastKnownFileType = sourcecode.swift; path = LearntWordsView.swift; sourceTree = "<group>"; };
		28F76C342DEF63C300C12EB3 /* LearntWordsViewController.swift */ = {isa = PBXFileReference; lastKnownFileType = sourcecode.swift; path = LearntWordsViewController.swift; sourceTree = "<group>"; };
		28F76C362DEF63CE00C12EB3 /* LearntWordsViewModel.swift */ = {isa = PBXFileReference; lastKnownFileType = sourcecode.swift; path = LearntWordsViewModel.swift; sourceTree = "<group>"; };
		28F76C382DEF65E400C12EB3 /* LearntWordsTableViewCell.swift */ = {isa = PBXFileReference; lastKnownFileType = sourcecode.swift; path = LearntWordsTableViewCell.swift; sourceTree = "<group>"; };
		28F76C3A2DEF821200C12EB3 /* Word.swift */ = {isa = PBXFileReference; lastKnownFileType = sourcecode.swift; path = Word.swift; sourceTree = "<group>"; };
		28F76C3C2DF0A63100C12EB3 /* WordListService.swift */ = {isa = PBXFileReference; lastKnownFileType = sourcecode.swift; path = WordListService.swift; sourceTree = "<group>"; };
		28F76C412DF0AD5B00C12EB3 /* LearntWordsDetailView.swift */ = {isa = PBXFileReference; lastKnownFileType = sourcecode.swift; path = LearntWordsDetailView.swift; sourceTree = "<group>"; };
		28F76C432DF0AD6900C12EB3 /* LearntWordsDetailViewController.swift */ = {isa = PBXFileReference; lastKnownFileType = sourcecode.swift; path = LearntWordsDetailViewController.swift; sourceTree = "<group>"; };
		28F76C452DF0AD7300C12EB3 /* LearntWordsDetailViewModel.swift */ = {isa = PBXFileReference; lastKnownFileType = sourcecode.swift; path = LearntWordsDetailViewModel.swift; sourceTree = "<group>"; };
		28F76C472DF0C09800C12EB3 /* PushNotificationManager.swift */ = {isa = PBXFileReference; lastKnownFileType = sourcecode.swift; path = PushNotificationManager.swift; sourceTree = "<group>"; };
/* End PBXFileReference section */

/* Begin PBXFrameworksBuildPhase section */
		28F47AA82DB2A882007B6862 /* Frameworks */ = {
			isa = PBXFrameworksBuildPhase;
			buildActionMask = 2147483647;
			files = (
				28D3C2002DDF6DB300616A44 /* FirebaseDatabase in Frameworks */,
				28D3C2042DDF6DB300616A44 /* FirebaseStorage in Frameworks */,
				28D3C1FE2DDF6DB300616A44 /* FirebaseAuth in Frameworks */,
				28D3C2022DDF6DB300616A44 /* FirebaseFirestore in Frameworks */,
			);
			runOnlyForDeploymentPostprocessing = 0;
		};
/* End PBXFrameworksBuildPhase section */

/* Begin PBXGroup section */
		28A30C7C2DE49CEC00AF0C54 /* Reset Password */ = {
			isa = PBXGroup;
			children = (
				28A30C7E2DE49CFB00AF0C54 /* ViewModel */,
				28A30C7D2DE49CF700AF0C54 /* View */,
			);
			path = "Reset Password";
			sourceTree = "<group>";
		};
		28A30C7D2DE49CF700AF0C54 /* View */ = {
			isa = PBXGroup;
			children = (
				28A30C7F2DE49D1800AF0C54 /* ResetPasswordViewController.swift */,
				28A30C812DE49D2A00AF0C54 /* ResetPasswordView.swift */,
			);
			path = View;
			sourceTree = "<group>";
		};
		28A30C7E2DE49CFB00AF0C54 /* ViewModel */ = {
			isa = PBXGroup;
			children = (
				28A30C832DE49D3000AF0C54 /* ResetPasswordViewModel.swift */,
			);
			path = ViewModel;
			sourceTree = "<group>";
		};
		28D3C2052DDF953600616A44 /* Model */ = {
			isa = PBXGroup;
			children = (
				28D3C2062DDF955B00616A44 /* UserRegisterRequest.swift */,
				28CF1ADF2DE08EF2008EFC35 /* UserLoginRequest.swift */,
				28A30C852DE4ABA600AF0C54 /* UserInSignary.swift */,
				28F76C242DEF36B200C12EB3 /* RemoteCommand.swift */,
				28F76C3A2DEF821200C12EB3 /* Word.swift */,
			);
			path = Model;
			sourceTree = "<group>";
		};
		28E2A6FF2DDDFBCE00D17E84 /* Screens */ = {
			isa = PBXGroup;
			children = (
				28F76C3E2DF0AD1500C12EB3 /* Learnt Words Detail Page */,
				28F76C2F2DEF637A00C12EB3 /* Learnt Words Page */,
				28E2A7002DDDFBD500D17E84 /* Main */,
				28F76C262DEF43D200C12EB3 /* Vocabulary Gaming */,
				28E94A102DE5DC2100B37CD6 /* Camera */,
				28E94A072DE5D6D300B37CD6 /* Translator */,
				28E949FE2DE5D67800B37CD6 /* Alphabet */,
				28A30C7C2DE49CEC00AF0C54 /* Reset Password */,
				28E2A7042DDDFBFF00D17E84 /* Sign Up */,
				28E2A7032DDDFBF400D17E84 /* Sign In */,
				28E2A7022DDDFBEB00D17E84 /* Start */,
				28E2A7012DDDFBE500D17E84 /* Profile */,
			);
			path = Screens;
			sourceTree = "<group>";
		};
		28E2A7002DDDFBD500D17E84 /* Main */ = {
			isa = PBXGroup;
			children = (
				28E2A7082DDDFC2B00D17E84 /* ViewModel */,
				28E2A7072DDDFC2700D17E84 /* View */,
			);
			path = Main;
			sourceTree = "<group>";
		};
		28E2A7012DDDFBE500D17E84 /* Profile */ = {
			isa = PBXGroup;
			children = (
				28E2A70E2DDDFC6500D17E84 /* ViewModel */,
				28E2A70D2DDDFC6100D17E84 /* View */,
			);
			path = Profile;
			sourceTree = "<group>";
		};
		28E2A7022DDDFBEB00D17E84 /* Start */ = {
			isa = PBXGroup;
			children = (
				28E2A7102DDDFC7000D17E84 /* ViewModel */,
				28E2A70F2DDDFC6B00D17E84 /* View */,
			);
			path = Start;
			sourceTree = "<group>";
		};
		28E2A7032DDDFBF400D17E84 /* Sign In */ = {
			isa = PBXGroup;
			children = (
				28E2A7122DDDFC7900D17E84 /* ViewModel */,
				28E2A7112DDDFC7500D17E84 /* View */,
			);
			path = "Sign In";
			sourceTree = "<group>";
		};
		28E2A7042DDDFBFF00D17E84 /* Sign Up */ = {
			isa = PBXGroup;
			children = (
				28E2A7142DDDFC8200D17E84 /* ViewModel */,
				28E2A7132DDDFC7E00D17E84 /* View */,
			);
			path = "Sign Up";
			sourceTree = "<group>";
		};
		28E2A7072DDDFC2700D17E84 /* View */ = {
			isa = PBXGroup;
			children = (
				28E2A7052DDDFC2400D17E84 /* MainViewController.swift */,
				28E2A7092DDDFC5000D17E84 /* MainView.swift */,
			);
			path = View;
			sourceTree = "<group>";
		};
		28E2A7082DDDFC2B00D17E84 /* ViewModel */ = {
			isa = PBXGroup;
			children = (
				28E2A70B2DDDFC5C00D17E84 /* MainViewModel.swift */,
			);
			path = ViewModel;
			sourceTree = "<group>";
		};
		28E2A70D2DDDFC6100D17E84 /* View */ = {
			isa = PBXGroup;
			children = (
				28E2A7152DDDFC9A00D17E84 /* ProfileView.swift */,
				28E2A7172DDDFD0000D17E84 /* ProfileViewController.swift */,
			);
			path = View;
			sourceTree = "<group>";
		};
		28E2A70E2DDDFC6500D17E84 /* ViewModel */ = {
			isa = PBXGroup;
			children = (
				28E2A7192DDDFD0A00D17E84 /* ProfileViewModel.swift */,
			);
			path = ViewModel;
			sourceTree = "<group>";
		};
		28E2A70F2DDDFC6B00D17E84 /* View */ = {
			isa = PBXGroup;
			children = (
				28E2A71B2DDDFDFE00D17E84 /* StartViewController.swift */,
				28E2A71D2DDDFE0C00D17E84 /* StartView.swift */,
			);
			path = View;
			sourceTree = "<group>";
		};
		28E2A7102DDDFC7000D17E84 /* ViewModel */ = {
			isa = PBXGroup;
			children = (
				28E2A71F2DDDFE1700D17E84 /* StartViewModel.swift */,
			);
			path = ViewModel;
			sourceTree = "<group>";
		};
		28E2A7112DDDFC7500D17E84 /* View */ = {
			isa = PBXGroup;
			children = (
				28E2A7212DDDFE2B00D17E84 /* SignInViewController.swift */,
				28E2A7232DDDFE3700D17E84 /* SignInView.swift */,
			);
			path = View;
			sourceTree = "<group>";
		};
		28E2A7122DDDFC7900D17E84 /* ViewModel */ = {
			isa = PBXGroup;
			children = (
				28E2A7252DDDFE4000D17E84 /* SignInViewModel.swift */,
			);
			path = ViewModel;
			sourceTree = "<group>";
		};
		28E2A7132DDDFC7E00D17E84 /* View */ = {
			isa = PBXGroup;
			children = (
				28E2A7272DDDFE5600D17E84 /* SignUpViewController.swift */,
				28E2A7292DDDFE6300D17E84 /* SignUpView.swift */,
			);
			path = View;
			sourceTree = "<group>";
		};
		28E2A7142DDDFC8200D17E84 /* ViewModel */ = {
			isa = PBXGroup;
			children = (
				28E2A72B2DDDFE6E00D17E84 /* SignUpViewModel.swift */,
			);
			path = ViewModel;
			sourceTree = "<group>";
		};
		28E2A72D2DDDFEE800D17E84 /* Extensions */ = {
			isa = PBXGroup;
			children = (
				28E2A72E2DDDFEFA00D17E84 /* +UIColor.swift */,
				28E2A7312DDDFF5100D17E84 /* +URLSession.swift */,
				28E2A7362DDE159100D17E84 /* +UIFont.swift */,
			);
			path = Extensions;
			sourceTree = "<group>";
		};
		28E2A7302DDDFF3300D17E84 /* Services */ = {
			isa = PBXGroup;
			children = (
				28E94A192DE5E36C00B37CD6 /* NetworkService.swift */,
				28E2A7382DDE48EC00D17E84 /* AuthService.swift */,
				28A30C872DE4BFD200AF0C54 /* UserService.swift */,
				28F76C3C2DF0A63100C12EB3 /* WordListService.swift */,
				28F76C472DF0C09800C12EB3 /* PushNotificationManager.swift */,
			);
			path = Services;
			sourceTree = "<group>";
		};
		28E2A7332DDE014900D17E84 /* Helper */ = {
			isa = PBXGroup;
			children = (
				28E2A7342DDE019F00D17E84 /* MainTabBarController.swift */,
				28CF1AE12DE09D58008EFC35 /* Validator.swift */,
			);
			path = Helper;
			sourceTree = "<group>";
		};
		28E949FE2DE5D67800B37CD6 /* Alphabet */ = {
			isa = PBXGroup;
			children = (
				28E94A002DE5D68C00B37CD6 /* ViewModel */,
				28E949FF2DE5D68700B37CD6 /* View */,
			);
			path = Alphabet;
			sourceTree = "<group>";
		};
		28E949FF2DE5D68700B37CD6 /* View */ = {
			isa = PBXGroup;
			children = (
				28E94A032DE5D6B400B37CD6 /* AlphabetViewController.swift */,
				28E94A012DE5D6A800B37CD6 /* AlphabetView.swift */,
			);
			path = View;
			sourceTree = "<group>";
		};
		28E94A002DE5D68C00B37CD6 /* ViewModel */ = {
			isa = PBXGroup;
			children = (
				28E94A052DE5D6C700B37CD6 /* AlphabetViewModel.swift */,
			);
			path = ViewModel;
			sourceTree = "<group>";
		};
		28E94A072DE5D6D300B37CD6 /* Translator */ = {
			isa = PBXGroup;
			children = (
				28E94A092DE5D6DE00B37CD6 /* ViewModel */,
				28E94A082DE5D6D900B37CD6 /* View */,
			);
			path = Translator;
			sourceTree = "<group>";
		};
		28E94A082DE5D6D900B37CD6 /* View */ = {
			isa = PBXGroup;
			children = (
				28E94A0A2DE5D6F100B37CD6 /* TranslatorViewController.swift */,
				28E94A0C2DE5D6FF00B37CD6 /* TranslatorView.swift */,
			);
			path = View;
			sourceTree = "<group>";
		};
		28E94A092DE5D6DE00B37CD6 /* ViewModel */ = {
			isa = PBXGroup;
			children = (
				28E94A0E2DE5D70900B37CD6 /* TranslatorViewModel.swift */,
			);
			path = ViewModel;
			sourceTree = "<group>";
		};
		28E94A102DE5DC2100B37CD6 /* Camera */ = {
			isa = PBXGroup;
			children = (
				28E94A122DE5DC3C00B37CD6 /* ViewModel */,
				28E94A112DE5DC3600B37CD6 /* View */,
			);
			path = Camera;
			sourceTree = "<group>";
		};
		28E94A112DE5DC3600B37CD6 /* View */ = {
			isa = PBXGroup;
			children = (
				28E94A152DE5DC5D00B37CD6 /* CameraViewController.swift */,
				28E94A132DE5DC5100B37CD6 /* CameraView.swift */,
			);
			path = View;
			sourceTree = "<group>";
		};
		28E94A122DE5DC3C00B37CD6 /* ViewModel */ = {
			isa = PBXGroup;
			children = (
				28E94A172DE5DC6700B37CD6 /* CameraViewModel.swift */,
			);
			path = ViewModel;
			sourceTree = "<group>";
		};
		28E94A1B2DE5E3FA00B37CD6 /* Network */ = {
			isa = PBXGroup;
			children = (
				28E94A1C2DE5E42300B37CD6 /* EndPoint.swift */,
				28E94A202DE5E4AF00B37CD6 /* NetworkRequest.swift */,
				28E94A222DE5E4D900B37CD6 /* NetworkServiceProtocol.swift */,
			);
			path = Network;
			sourceTree = "<group>";
		};
		28F47AA22DB2A882007B6862 = {
			isa = PBXGroup;
			children = (
				28F47AAD2DB2A882007B6862 /* Signary */,
				28F47AAC2DB2A882007B6862 /* Products */,
			);
			sourceTree = "<group>";
		};
		28F47AAC2DB2A882007B6862 /* Products */ = {
			isa = PBXGroup;
			children = (
				28F47AAB2DB2A882007B6862 /* Signary.app */,
			);
			name = Products;
			sourceTree = "<group>";
		};
		28F47AAD2DB2A882007B6862 /* Signary */ = {
			isa = PBXGroup;
			children = (
				28F76C1B2DEDDE8D00C12EB3 /* MLModel */,
				28E94A1B2DE5E3FA00B37CD6 /* Network */,
				28D3C2052DDF953600616A44 /* Model */,
				28D3C1FA2DDF6C7800616A44 /* GoogleService-Info.plist */,
				28E2A7332DDE014900D17E84 /* Helper */,
				28E2A7302DDDFF3300D17E84 /* Services */,
				28E2A72D2DDDFEE800D17E84 /* Extensions */,
				28E2A6FF2DDDFBCE00D17E84 /* Screens */,
				28F47AAE2DB2A882007B6862 /* AppDelegate.swift */,
				28F47AB02DB2A882007B6862 /* SceneDelegate.swift */,
				28F47AB72DB2A884007B6862 /* Assets.xcassets */,
				28F47AB92DB2A884007B6862 /* LaunchScreen.storyboard */,
				28F47ABC2DB2A884007B6862 /* Info.plist */,
			);
			path = Signary;
			sourceTree = "<group>";
		};
		28F76C1B2DEDDE8D00C12EB3 /* MLModel */ = {
			isa = PBXGroup;
			children = (
				28F76C1C2DEDDEA800C12EB3 /* HandClassifier.mlmodel */,
			);
			path = MLModel;
			sourceTree = "<group>";
		};
		28F76C262DEF43D200C12EB3 /* Vocabulary Gaming */ = {
			isa = PBXGroup;
			children = (
				28F76C272DEF43EE00C12EB3 /* ViewModel */,
				28F76C282DEF43F500C12EB3 /* View */,
			);
			path = "Vocabulary Gaming";
			sourceTree = "<group>";
		};
		28F76C272DEF43EE00C12EB3 /* ViewModel */ = {
			isa = PBXGroup;
			children = (
				28F76C2D2DEF442C00C12EB3 /* VocabularyGamingViewModel.swift */,
			);
			path = ViewModel;
			sourceTree = "<group>";
		};
		28F76C282DEF43F500C12EB3 /* View */ = {
			isa = PBXGroup;
			children = (
				28F76C292DEF441800C12EB3 /* VocabularyGamingViewController.swift */,
				28F76C2B2DEF442400C12EB3 /* VocabularyGamingView.swift */,
			);
			path = View;
			sourceTree = "<group>";
		};
		28F76C2F2DEF637A00C12EB3 /* Learnt Words Page */ = {
			isa = PBXGroup;
			children = (
				28F76C302DEF638A00C12EB3 /* ViewModel */,
				28F76C312DEF639000C12EB3 /* View */,
			);
			path = "Learnt Words Page";
			sourceTree = "<group>";
		};
		28F76C302DEF638A00C12EB3 /* ViewModel */ = {
			isa = PBXGroup;
			children = (
				28F76C362DEF63CE00C12EB3 /* LearntWordsViewModel.swift */,
			);
			path = ViewModel;
			sourceTree = "<group>";
		};
		28F76C312DEF639000C12EB3 /* View */ = {
			isa = PBXGroup;
			children = (
				28F76C342DEF63C300C12EB3 /* LearntWordsViewController.swift */,
				28F76C322DEF63B400C12EB3 /* LearntWordsView.swift */,
				28F76C382DEF65E400C12EB3 /* LearntWordsTableViewCell.swift */,
			);
			path = View;
			sourceTree = "<group>";
		};
		28F76C3E2DF0AD1500C12EB3 /* Learnt Words Detail Page */ = {
			isa = PBXGroup;
			children = (
				28F76C3F2DF0AD2700C12EB3 /* ViewModel */,
				28F76C402DF0AD2F00C12EB3 /* View */,
			);
			path = "Learnt Words Detail Page";
			sourceTree = "<group>";
		};
		28F76C3F2DF0AD2700C12EB3 /* ViewModel */ = {
			isa = PBXGroup;
			children = (
				28F76C452DF0AD7300C12EB3 /* LearntWordsDetailViewModel.swift */,
			);
			path = ViewModel;
			sourceTree = "<group>";
		};
		28F76C402DF0AD2F00C12EB3 /* View */ = {
			isa = PBXGroup;
			children = (
				28F76C432DF0AD6900C12EB3 /* LearntWordsDetailViewController.swift */,
				28F76C412DF0AD5B00C12EB3 /* LearntWordsDetailView.swift */,
			);
			path = View;
			sourceTree = "<group>";
		};
/* End PBXGroup section */

/* Begin PBXNativeTarget section */
		28F47AAA2DB2A882007B6862 /* Signary */ = {
			isa = PBXNativeTarget;
			buildConfigurationList = 28F47ABF2DB2A884007B6862 /* Build configuration list for PBXNativeTarget "Signary" */;
			buildPhases = (
				28F47AA72DB2A882007B6862 /* Sources */,
				28F47AA82DB2A882007B6862 /* Frameworks */,
				28F47AA92DB2A882007B6862 /* Resources */,
			);
			buildRules = (
			);
			dependencies = (
			);
			name = Signary;
			packageProductDependencies = (
				28D3C1FD2DDF6DB300616A44 /* FirebaseAuth */,
				28D3C1FF2DDF6DB300616A44 /* FirebaseDatabase */,
				28D3C2012DDF6DB300616A44 /* FirebaseFirestore */,
				28D3C2032DDF6DB300616A44 /* FirebaseStorage */,
			);
			productName = Signary;
			productReference = 28F47AAB2DB2A882007B6862 /* Signary.app */;
			productType = "com.apple.product-type.application";
		};
/* End PBXNativeTarget section */

/* Begin PBXProject section */
		28F47AA32DB2A882007B6862 /* Project object */ = {
			isa = PBXProject;
			attributes = {
				BuildIndependentTargetsInParallel = 1;
				LastSwiftUpdateCheck = 1540;
				LastUpgradeCheck = 1540;
				TargetAttributes = {
					28F47AAA2DB2A882007B6862 = {
						CreatedOnToolsVersion = 15.4;
					};
				};
			};
			buildConfigurationList = 28F47AA62DB2A882007B6862 /* Build configuration list for PBXProject "Signary" */;
			compatibilityVersion = "Xcode 14.0";
			developmentRegion = en;
			hasScannedForEncodings = 0;
			knownRegions = (
				en,
				Base,
			);
			mainGroup = 28F47AA22DB2A882007B6862;
			packageReferences = (
				28D3C1FC2DDF6DB300616A44 /* XCRemoteSwiftPackageReference "firebase-ios-sdk" */,
			);
			productRefGroup = 28F47AAC2DB2A882007B6862 /* Products */;
			projectDirPath = "";
			projectRoot = "";
			targets = (
				28F47AAA2DB2A882007B6862 /* Signary */,
			);
		};
/* End PBXProject section */

/* Begin PBXResourcesBuildPhase section */
		28F47AA92DB2A882007B6862 /* Resources */ = {
			isa = PBXResourcesBuildPhase;
			buildActionMask = 2147483647;
			files = (
				28F47AB82DB2A884007B6862 /* Assets.xcassets in Resources */,
				28F47ABB2DB2A884007B6862 /* Base in Resources */,
				28D3C1FB2DDF6C7800616A44 /* GoogleService-Info.plist in Resources */,
			);
			runOnlyForDeploymentPostprocessing = 0;
		};
/* End PBXResourcesBuildPhase section */

/* Begin PBXSourcesBuildPhase section */
		28F47AA72DB2A882007B6862 /* Sources */ = {
			isa = PBXSourcesBuildPhase;
			buildActionMask = 2147483647;
			files = (
				28E2A7202DDDFE1700D17E84 /* StartViewModel.swift in Sources */,
				28E2A7322DDDFF5100D17E84 /* +URLSession.swift in Sources */,
				28F76C332DEF63B400C12EB3 /* LearntWordsView.swift in Sources */,
				28E2A7352DDE019F00D17E84 /* MainTabBarController.swift in Sources */,
				28A30C822DE49D2A00AF0C54 /* ResetPasswordView.swift in Sources */,
				28E2A71E2DDDFE0C00D17E84 /* StartView.swift in Sources */,
				28F47AAF2DB2A882007B6862 /* AppDelegate.swift in Sources */,
				28F76C422DF0AD5B00C12EB3 /* LearntWordsDetailView.swift in Sources */,
				28D3C2072DDF955B00616A44 /* UserRegisterRequest.swift in Sources */,
				28E2A7392DDE48EC00D17E84 /* AuthService.swift in Sources */,
				28A30C862DE4ABA600AF0C54 /* UserInSignary.swift in Sources */,
				28E2A72C2DDDFE6E00D17E84 /* SignUpViewModel.swift in Sources */,
				28E94A1A2DE5E36C00B37CD6 /* NetworkService.swift in Sources */,
				28F76C352DEF63C300C12EB3 /* LearntWordsViewController.swift in Sources */,
				28E94A142DE5DC5100B37CD6 /* CameraView.swift in Sources */,
				28F47AB12DB2A882007B6862 /* SceneDelegate.swift in Sources */,
				28A30C802DE49D1800AF0C54 /* ResetPasswordViewController.swift in Sources */,
				28E2A7222DDDFE2B00D17E84 /* SignInViewController.swift in Sources */,
				28E94A062DE5D6C700B37CD6 /* AlphabetViewModel.swift in Sources */,
				28F76C372DEF63CE00C12EB3 /* LearntWordsViewModel.swift in Sources */,
				28E94A0F2DE5D70900B37CD6 /* TranslatorViewModel.swift in Sources */,
				28E94A0D2DE5D6FF00B37CD6 /* TranslatorView.swift in Sources */,
				28E2A72F2DDDFEFA00D17E84 /* +UIColor.swift in Sources */,
				28E94A232DE5E4D900B37CD6 /* NetworkServiceProtocol.swift in Sources */,
				28E2A71A2DDDFD0A00D17E84 /* ProfileViewModel.swift in Sources */,
				28E2A70A2DDDFC5000D17E84 /* MainView.swift in Sources */,
				28E2A7242DDDFE3700D17E84 /* SignInView.swift in Sources */,
				28A30C842DE49D3000AF0C54 /* ResetPasswordViewModel.swift in Sources */,
				28E94A1D2DE5E42300B37CD6 /* EndPoint.swift in Sources */,
				28F76C2A2DEF441800C12EB3 /* VocabularyGamingViewController.swift in Sources */,
				28F76C392DEF65E400C12EB3 /* LearntWordsTableViewCell.swift in Sources */,
				28E2A71C2DDDFDFE00D17E84 /* StartViewController.swift in Sources */,
				28F76C462DF0AD7300C12EB3 /* LearntWordsDetailViewModel.swift in Sources */,
				28F76C1D2DEDDEA800C12EB3 /* HandClassifier.mlmodel in Sources */,
				28E2A7282DDDFE5600D17E84 /* SignUpViewController.swift in Sources */,
				28E2A7062DDDFC2400D17E84 /* MainViewController.swift in Sources */,
				28E94A022DE5D6A800B37CD6 /* AlphabetView.swift in Sources */,
				28F76C252DEF36B200C12EB3 /* RemoteCommand.swift in Sources */,
				28E2A7372DDE159100D17E84 /* +UIFont.swift in Sources */,
				28E94A042DE5D6B400B37CD6 /* AlphabetViewController.swift in Sources */,
				28F76C2E2DEF442C00C12EB3 /* VocabularyGamingViewModel.swift in Sources */,
				28F76C3D2DF0A63100C12EB3 /* WordListService.swift in Sources */,
				28CF1AE02DE08EF2008EFC35 /* UserLoginRequest.swift in Sources */,
				28E94A0B2DE5D6F100B37CD6 /* TranslatorViewController.swift in Sources */,
				28E2A72A2DDDFE6300D17E84 /* SignUpView.swift in Sources */,
				28F76C2C2DEF442400C12EB3 /* VocabularyGamingView.swift in Sources */,
				28F76C482DF0C09800C12EB3 /* PushNotificationManager.swift in Sources */,
				28E2A7162DDDFC9A00D17E84 /* ProfileView.swift in Sources */,
				28E2A7182DDDFD0000D17E84 /* ProfileViewController.swift in Sources */,
				28F76C442DF0AD6900C12EB3 /* LearntWordsDetailViewController.swift in Sources */,
				28F76C3B2DEF821200C12EB3 /* Word.swift in Sources */,
				28A30C882DE4BFD200AF0C54 /* UserService.swift in Sources */,
				28CF1AE22DE09D58008EFC35 /* Validator.swift in Sources */,
				28E94A162DE5DC5D00B37CD6 /* CameraViewController.swift in Sources */,
				28E94A212DE5E4AF00B37CD6 /* NetworkRequest.swift in Sources */,
				28E2A70C2DDDFC5C00D17E84 /* MainViewModel.swift in Sources */,
				28E2A7262DDDFE4000D17E84 /* SignInViewModel.swift in Sources */,
				28E94A182DE5DC6700B37CD6 /* CameraViewModel.swift in Sources */,
			);
			runOnlyForDeploymentPostprocessing = 0;
		};
/* End PBXSourcesBuildPhase section */

/* Begin PBXVariantGroup section */
		28F47AB92DB2A884007B6862 /* LaunchScreen.storyboard */ = {
			isa = PBXVariantGroup;
			children = (
				28F47ABA2DB2A884007B6862 /* Base */,
			);
			name = LaunchScreen.storyboard;
			sourceTree = "<group>";
		};
/* End PBXVariantGroup section */

/* Begin XCBuildConfiguration section */
		28F47ABD2DB2A884007B6862 /* Debug */ = {
			isa = XCBuildConfiguration;
			buildSettings = {
				ALWAYS_SEARCH_USER_PATHS = NO;
				ASSETCATALOG_COMPILER_GENERATE_SWIFT_ASSET_SYMBOL_EXTENSIONS = YES;
				CLANG_ANALYZER_NONNULL = YES;
				CLANG_ANALYZER_NUMBER_OBJECT_CONVERSION = YES_AGGRESSIVE;
				CLANG_CXX_LANGUAGE_STANDARD = "gnu++20";
				CLANG_ENABLE_MODULES = YES;
				CLANG_ENABLE_OBJC_ARC = YES;
				CLANG_ENABLE_OBJC_WEAK = YES;
				CLANG_WARN_BLOCK_CAPTURE_AUTORELEASING = YES;
				CLANG_WARN_BOOL_CONVERSION = YES;
				CLANG_WARN_COMMA = YES;
				CLANG_WARN_CONSTANT_CONVERSION = YES;
				CLANG_WARN_DEPRECATED_OBJC_IMPLEMENTATIONS = YES;
				CLANG_WARN_DIRECT_OBJC_ISA_USAGE = YES_ERROR;
				CLANG_WARN_DOCUMENTATION_COMMENTS = YES;
				CLANG_WARN_EMPTY_BODY = YES;
				CLANG_WARN_ENUM_CONVERSION = YES;
				CLANG_WARN_INFINITE_RECURSION = YES;
				CLANG_WARN_INT_CONVERSION = YES;
				CLANG_WARN_NON_LITERAL_NULL_CONVERSION = YES;
				CLANG_WARN_OBJC_IMPLICIT_RETAIN_SELF = YES;
				CLANG_WARN_OBJC_LITERAL_CONVERSION = YES;
				CLANG_WARN_OBJC_ROOT_CLASS = YES_ERROR;
				CLANG_WARN_QUOTED_INCLUDE_IN_FRAMEWORK_HEADER = YES;
				CLANG_WARN_RANGE_LOOP_ANALYSIS = YES;
				CLANG_WARN_STRICT_PROTOTYPES = YES;
				CLANG_WARN_SUSPICIOUS_MOVE = YES;
				CLANG_WARN_UNGUARDED_AVAILABILITY = YES_AGGRESSIVE;
				CLANG_WARN_UNREACHABLE_CODE = YES;
				CLANG_WARN__DUPLICATE_METHOD_MATCH = YES;
				COPY_PHASE_STRIP = NO;
				DEBUG_INFORMATION_FORMAT = dwarf;
				ENABLE_STRICT_OBJC_MSGSEND = YES;
				ENABLE_TESTABILITY = YES;
				ENABLE_USER_SCRIPT_SANDBOXING = YES;
				GCC_C_LANGUAGE_STANDARD = gnu17;
				GCC_DYNAMIC_NO_PIC = NO;
				GCC_NO_COMMON_BLOCKS = YES;
				GCC_OPTIMIZATION_LEVEL = 0;
				GCC_PREPROCESSOR_DEFINITIONS = (
					"DEBUG=1",
					"$(inherited)",
				);
				GCC_WARN_64_TO_32_BIT_CONVERSION = YES;
				GCC_WARN_ABOUT_RETURN_TYPE = YES_ERROR;
				GCC_WARN_UNDECLARED_SELECTOR = YES;
				GCC_WARN_UNINITIALIZED_AUTOS = YES_AGGRESSIVE;
				GCC_WARN_UNUSED_FUNCTION = YES;
				GCC_WARN_UNUSED_VARIABLE = YES;
				IPHONEOS_DEPLOYMENT_TARGET = 17.5;
				LOCALIZATION_PREFERS_STRING_CATALOGS = YES;
				MTL_ENABLE_DEBUG_INFO = INCLUDE_SOURCE;
				MTL_FAST_MATH = YES;
				ONLY_ACTIVE_ARCH = YES;
				SDKROOT = iphoneos;
				SWIFT_ACTIVE_COMPILATION_CONDITIONS = "DEBUG $(inherited)";
				SWIFT_OPTIMIZATION_LEVEL = "-Onone";
			};
			name = Debug;
		};
		28F47ABE2DB2A884007B6862 /* Release */ = {
			isa = XCBuildConfiguration;
			buildSettings = {
				ALWAYS_SEARCH_USER_PATHS = NO;
				ASSETCATALOG_COMPILER_GENERATE_SWIFT_ASSET_SYMBOL_EXTENSIONS = YES;
				CLANG_ANALYZER_NONNULL = YES;
				CLANG_ANALYZER_NUMBER_OBJECT_CONVERSION = YES_AGGRESSIVE;
				CLANG_CXX_LANGUAGE_STANDARD = "gnu++20";
				CLANG_ENABLE_MODULES = YES;
				CLANG_ENABLE_OBJC_ARC = YES;
				CLANG_ENABLE_OBJC_WEAK = YES;
				CLANG_WARN_BLOCK_CAPTURE_AUTORELEASING = YES;
				CLANG_WARN_BOOL_CONVERSION = YES;
				CLANG_WARN_COMMA = YES;
				CLANG_WARN_CONSTANT_CONVERSION = YES;
				CLANG_WARN_DEPRECATED_OBJC_IMPLEMENTATIONS = YES;
				CLANG_WARN_DIRECT_OBJC_ISA_USAGE = YES_ERROR;
				CLANG_WARN_DOCUMENTATION_COMMENTS = YES;
				CLANG_WARN_EMPTY_BODY = YES;
				CLANG_WARN_ENUM_CONVERSION = YES;
				CLANG_WARN_INFINITE_RECURSION = YES;
				CLANG_WARN_INT_CONVERSION = YES;
				CLANG_WARN_NON_LITERAL_NULL_CONVERSION = YES;
				CLANG_WARN_OBJC_IMPLICIT_RETAIN_SELF = YES;
				CLANG_WARN_OBJC_LITERAL_CONVERSION = YES;
				CLANG_WARN_OBJC_ROOT_CLASS = YES_ERROR;
				CLANG_WARN_QUOTED_INCLUDE_IN_FRAMEWORK_HEADER = YES;
				CLANG_WARN_RANGE_LOOP_ANALYSIS = YES;
				CLANG_WARN_STRICT_PROTOTYPES = YES;
				CLANG_WARN_SUSPICIOUS_MOVE = YES;
				CLANG_WARN_UNGUARDED_AVAILABILITY = YES_AGGRESSIVE;
				CLANG_WARN_UNREACHABLE_CODE = YES;
				CLANG_WARN__DUPLICATE_METHOD_MATCH = YES;
				COPY_PHASE_STRIP = NO;
				DEBUG_INFORMATION_FORMAT = "dwarf-with-dsym";
				ENABLE_NS_ASSERTIONS = NO;
				ENABLE_STRICT_OBJC_MSGSEND = YES;
				ENABLE_USER_SCRIPT_SANDBOXING = YES;
				GCC_C_LANGUAGE_STANDARD = gnu17;
				GCC_NO_COMMON_BLOCKS = YES;
				GCC_WARN_64_TO_32_BIT_CONVERSION = YES;
				GCC_WARN_ABOUT_RETURN_TYPE = YES_ERROR;
				GCC_WARN_UNDECLARED_SELECTOR = YES;
				GCC_WARN_UNINITIALIZED_AUTOS = YES_AGGRESSIVE;
				GCC_WARN_UNUSED_FUNCTION = YES;
				GCC_WARN_UNUSED_VARIABLE = YES;
				IPHONEOS_DEPLOYMENT_TARGET = 17.5;
				LOCALIZATION_PREFERS_STRING_CATALOGS = YES;
				MTL_ENABLE_DEBUG_INFO = NO;
				MTL_FAST_MATH = YES;
				SDKROOT = iphoneos;
				SWIFT_COMPILATION_MODE = wholemodule;
				VALIDATE_PRODUCT = YES;
			};
			name = Release;
		};
		28F47AC02DB2A884007B6862 /* Debug */ = {
			isa = XCBuildConfiguration;
			buildSettings = {
				ASSETCATALOG_COMPILER_APPICON_NAME = AppIcon;
				ASSETCATALOG_COMPILER_GLOBAL_ACCENT_COLOR_NAME = AccentColor;
				CODE_SIGN_STYLE = Automatic;
				CURRENT_PROJECT_VERSION = 1;
				DEVELOPMENT_TEAM = DBJ2D69UL9;
				GENERATE_INFOPLIST_FILE = YES;
				INFOPLIST_FILE = Signary/Info.plist;
				INFOPLIST_KEY_NSCameraUsageDescription = "$(PRODUCT_NAME) Need Camera Access to Scan Your Gesture";
				INFOPLIST_KEY_UIApplicationSupportsIndirectInputEvents = YES;
				INFOPLIST_KEY_UILaunchStoryboardName = LaunchScreen;
				INFOPLIST_KEY_UISupportedInterfaceOrientations_iPad = "UIInterfaceOrientationPortrait UIInterfaceOrientationPortraitUpsideDown UIInterfaceOrientationLandscapeLeft UIInterfaceOrientationLandscapeRight";
				INFOPLIST_KEY_UISupportedInterfaceOrientations_iPhone = "UIInterfaceOrientationPortrait UIInterfaceOrientationLandscapeLeft UIInterfaceOrientationLandscapeRight";
				LD_RUNPATH_SEARCH_PATHS = (
					"$(inherited)",
					"@executable_path/Frameworks",
				);
				MARKETING_VERSION = 1.0;
				PRODUCT_BUNDLE_IDENTIFIER = yazzgul.Signary;
				PRODUCT_NAME = "$(TARGET_NAME)";
				SWIFT_EMIT_LOC_STRINGS = YES;
				SWIFT_VERSION = 5.0;
				TARGETED_DEVICE_FAMILY = "1,2";
			};
			name = Debug;
		};
		28F47AC12DB2A884007B6862 /* Release */ = {
			isa = XCBuildConfiguration;
			buildSettings = {
				ASSETCATALOG_COMPILER_APPICON_NAME = AppIcon;
				ASSETCATALOG_COMPILER_GLOBAL_ACCENT_COLOR_NAME = AccentColor;
				CODE_SIGN_STYLE = Automatic;
				CURRENT_PROJECT_VERSION = 1;
				DEVELOPMENT_TEAM = DBJ2D69UL9;
				GENERATE_INFOPLIST_FILE = YES;
				INFOPLIST_FILE = Signary/Info.plist;
				INFOPLIST_KEY_NSCameraUsageDescription = "$(PRODUCT_NAME) Need Camera Access to Scan Your Gesture";
				INFOPLIST_KEY_UIApplicationSupportsIndirectInputEvents = YES;
				INFOPLIST_KEY_UILaunchStoryboardName = LaunchScreen;
				INFOPLIST_KEY_UISupportedInterfaceOrientations_iPad = "UIInterfaceOrientationPortrait UIInterfaceOrientationPortraitUpsideDown UIInterfaceOrientationLandscapeLeft UIInterfaceOrientationLandscapeRight";
				INFOPLIST_KEY_UISupportedInterfaceOrientations_iPhone = "UIInterfaceOrientationPortrait UIInterfaceOrientationLandscapeLeft UIInterfaceOrientationLandscapeRight";
				LD_RUNPATH_SEARCH_PATHS = (
					"$(inherited)",
					"@executable_path/Frameworks",
				);
				MARKETING_VERSION = 1.0;
				PRODUCT_BUNDLE_IDENTIFIER = yazzgul.Signary;
				PRODUCT_NAME = "$(TARGET_NAME)";
				SWIFT_EMIT_LOC_STRINGS = YES;
				SWIFT_VERSION = 5.0;
				TARGETED_DEVICE_FAMILY = "1,2";
			};
			name = Release;
		};
/* End XCBuildConfiguration section */

/* Begin XCConfigurationList section */
		28F47AA62DB2A882007B6862 /* Build configuration list for PBXProject "Signary" */ = {
			isa = XCConfigurationList;
			buildConfigurations = (
				28F47ABD2DB2A884007B6862 /* Debug */,
				28F47ABE2DB2A884007B6862 /* Release */,
			);
			defaultConfigurationIsVisible = 0;
			defaultConfigurationName = Release;
		};
		28F47ABF2DB2A884007B6862 /* Build configuration list for PBXNativeTarget "Signary" */ = {
			isa = XCConfigurationList;
			buildConfigurations = (
				28F47AC02DB2A884007B6862 /* Debug */,
				28F47AC12DB2A884007B6862 /* Release */,
			);
			defaultConfigurationIsVisible = 0;
			defaultConfigurationName = Release;
		};
/* End XCConfigurationList section */

/* Begin XCRemoteSwiftPackageReference section */
		28D3C1FC2DDF6DB300616A44 /* XCRemoteSwiftPackageReference "firebase-ios-sdk" */ = {
			isa = XCRemoteSwiftPackageReference;
			repositoryURL = "https://github.com/firebase/firebase-ios-sdk";
			requirement = {
				kind = upToNextMajorVersion;
				minimumVersion = 10.15.0;
			};
		};
/* End XCRemoteSwiftPackageReference section */

/* Begin XCSwiftPackageProductDependency section */
		28D3C1FD2DDF6DB300616A44 /* FirebaseAuth */ = {
			isa = XCSwiftPackageProductDependency;
			package = 28D3C1FC2DDF6DB300616A44 /* XCRemoteSwiftPackageReference "firebase-ios-sdk" */;
			productName = FirebaseAuth;
		};
		28D3C1FF2DDF6DB300616A44 /* FirebaseDatabase */ = {
			isa = XCSwiftPackageProductDependency;
			package = 28D3C1FC2DDF6DB300616A44 /* XCRemoteSwiftPackageReference "firebase-ios-sdk" */;
			productName = FirebaseDatabase;
		};
		28D3C2012DDF6DB300616A44 /* FirebaseFirestore */ = {
			isa = XCSwiftPackageProductDependency;
			package = 28D3C1FC2DDF6DB300616A44 /* XCRemoteSwiftPackageReference "firebase-ios-sdk" */;
			productName = FirebaseFirestore;
		};
		28D3C2032DDF6DB300616A44 /* FirebaseStorage */ = {
			isa = XCSwiftPackageProductDependency;
			package = 28D3C1FC2DDF6DB300616A44 /* XCRemoteSwiftPackageReference "firebase-ios-sdk" */;
			productName = FirebaseStorage;
		};
/* End XCSwiftPackageProductDependency section */
	};
	rootObject = 28F47AA32DB2A882007B6862 /* Project object */;
}
